// !$*UTF8*$!
{
	archiveVersion = 1;
	classes = {
	};
	objectVersion = 48;
	objects = {

/* Begin PBXBuildFile section */
		FA00756D1FB5938100390BD9 /* AppDelegate.swift in Sources */ = {isa = PBXBuildFile; fileRef = FA00756C1FB5938100390BD9 /* AppDelegate.swift */; };
		FA00756F1FB5938100390BD9 /* ViewController.swift in Sources */ = {isa = PBXBuildFile; fileRef = FA00756E1FB5938100390BD9 /* ViewController.swift */; };
		FA0075721FB5938100390BD9 /* Main.storyboard in Resources */ = {isa = PBXBuildFile; fileRef = FA0075701FB5938100390BD9 /* Main.storyboard */; };
		FA0075751FB5938100390BD9 /* MagiPageView.xcdatamodeld in Sources */ = {isa = PBXBuildFile; fileRef = FA0075731FB5938100390BD9 /* MagiPageView.xcdatamodeld */; };
		FA0075771FB5938100390BD9 /* Assets.xcassets in Resources */ = {isa = PBXBuildFile; fileRef = FA0075761FB5938100390BD9 /* Assets.xcassets */; };
		FA00757A1FB5938100390BD9 /* LaunchScreen.storyboard in Resources */ = {isa = PBXBuildFile; fileRef = FA0075781FB5938100390BD9 /* LaunchScreen.storyboard */; };
		FA0075851FB5938100390BD9 /* MagiPageViewTests.swift in Sources */ = {isa = PBXBuildFile; fileRef = FA0075841FB5938100390BD9 /* MagiPageViewTests.swift */; };
		FA0075901FB5938100390BD9 /* MagiPageViewUITests.swift in Sources */ = {isa = PBXBuildFile; fileRef = FA00758F1FB5938100390BD9 /* MagiPageViewUITests.swift */; };
		FA00759F1FB593FA00390BD9 /* SegmentStyle.swift in Sources */ = {isa = PBXBuildFile; fileRef = FA00759E1FB593FA00390BD9 /* SegmentStyle.swift */; };
		FA0075A11FB5965100390BD9 /* SegmentView.swift in Sources */ = {isa = PBXBuildFile; fileRef = FA0075A01FB5965100390BD9 /* SegmentView.swift */; };
		FA0075A31FB5A8AF00390BD9 /* MagiContentView.swift in Sources */ = {isa = PBXBuildFile; fileRef = FA0075A21FB5A8AF00390BD9 /* MagiContentView.swift */; };
		FAF4202C1FB93B00003A41BB /* MagiPageView.swift in Sources */ = {isa = PBXBuildFile; fileRef = FAF4202B1FB93B00003A41BB /* MagiPageView.swift */; };
		FAF420301FB94154003A41BB /* V1ViewController.swift in Sources */ = {isa = PBXBuildFile; fileRef = FAF4202F1FB94154003A41BB /* V1ViewController.swift */; };
		FAF420331FB94B04003A41BB /* Chaild1ViewController.swift in Sources */ = {isa = PBXBuildFile; fileRef = FAF420321FB94B04003A41BB /* Chaild1ViewController.swift */; };
		FAF4203F1FB973F5003A41BB /* V2ViewController.swift in Sources */ = {isa = PBXBuildFile; fileRef = FAF4203E1FB973F5003A41BB /* V2ViewController.swift */; };
		FAF420411FB97403003A41BB /* V3ViewController.swift in Sources */ = {isa = PBXBuildFile; fileRef = FAF420401FB97403003A41BB /* V3ViewController.swift */; };
		FAF420431FB97413003A41BB /* V4ViewController.swift in Sources */ = {isa = PBXBuildFile; fileRef = FAF420421FB97413003A41BB /* V4ViewController.swift */; };
		FAF420451FB97424003A41BB /* V5ViewController.swift in Sources */ = {isa = PBXBuildFile; fileRef = FAF420441FB97424003A41BB /* V5ViewController.swift */; };
		FAF420471FB9743A003A41BB /* V6ViewController.swift in Sources */ = {isa = PBXBuildFile; fileRef = FAF420461FB9743A003A41BB /* V6ViewController.swift */; };
		FAF420491FB97445003A41BB /* V7ViewController.swift in Sources */ = {isa = PBXBuildFile; fileRef = FAF420481FB97445003A41BB /* V7ViewController.swift */; };
		FAF4204B1FB97450003A41BB /* V8ViewController.swift in Sources */ = {isa = PBXBuildFile; fileRef = FAF4204A1FB97450003A41BB /* V8ViewController.swift */; };
		FAF4204D1FB9745B003A41BB /* V9ViewController.swift in Sources */ = {isa = PBXBuildFile; fileRef = FAF4204C1FB9745B003A41BB /* V9ViewController.swift */; };
		FAF420511FB9B610003A41BB /* PageViewController.swift in Sources */ = {isa = PBXBuildFile; fileRef = FAF4204E1FB9B610003A41BB /* PageViewController.swift */; };
		FAF420521FB9B610003A41BB /* PageTableViewController.swift in Sources */ = {isa = PBXBuildFile; fileRef = FAF4204F1FB9B610003A41BB /* PageTableViewController.swift */; };
		FAF420531FB9B610003A41BB /* PageCollectionViewController.swift in Sources */ = {isa = PBXBuildFile; fileRef = FAF420501FB9B610003A41BB /* PageCollectionViewController.swift */; };
/* End PBXBuildFile section */

/* Begin PBXContainerItemProxy section */
		FA0075811FB5938100390BD9 /* PBXContainerItemProxy */ = {
			isa = PBXContainerItemProxy;
			containerPortal = FA0075611FB5938000390BD9 /* Project object */;
			proxyType = 1;
			remoteGlobalIDString = FA0075681FB5938100390BD9;
			remoteInfo = MagiPageView;
		};
		FA00758C1FB5938100390BD9 /* PBXContainerItemProxy */ = {
			isa = PBXContainerItemProxy;
			containerPortal = FA0075611FB5938000390BD9 /* Project object */;
			proxyType = 1;
			remoteGlobalIDString = FA0075681FB5938100390BD9;
			remoteInfo = MagiPageView;
		};
/* End PBXContainerItemProxy section */

/* Begin PBXFileReference section */
		FA0075691FB5938100390BD9 /* MagiPageView.app */ = {isa = PBXFileReference; explicitFileType = wrapper.application; includeInIndex = 0; path = MagiPageView.app; sourceTree = BUILT_PRODUCTS_DIR; };
		FA00756C1FB5938100390BD9 /* AppDelegate.swift */ = {isa = PBXFileReference; lastKnownFileType = sourcecode.swift; path = AppDelegate.swift; sourceTree = "<group>"; };
		FA00756E1FB5938100390BD9 /* ViewController.swift */ = {isa = PBXFileReference; lastKnownFileType = sourcecode.swift; path = ViewController.swift; sourceTree = "<group>"; };
		FA0075711FB5938100390BD9 /* Base */ = {isa = PBXFileReference; lastKnownFileType = file.storyboard; name = Base; path = Base.lproj/Main.storyboard; sourceTree = "<group>"; };
		FA0075741FB5938100390BD9 /* MagiPageView.xcdatamodel */ = {isa = PBXFileReference; lastKnownFileType = wrapper.xcdatamodel; path = MagiPageView.xcdatamodel; sourceTree = "<group>"; };
		FA0075761FB5938100390BD9 /* Assets.xcassets */ = {isa = PBXFileReference; lastKnownFileType = folder.assetcatalog; path = Assets.xcassets; sourceTree = "<group>"; };
		FA0075791FB5938100390BD9 /* Base */ = {isa = PBXFileReference; lastKnownFileType = file.storyboard; name = Base; path = Base.lproj/LaunchScreen.storyboard; sourceTree = "<group>"; };
		FA00757B1FB5938100390BD9 /* Info.plist */ = {isa = PBXFileReference; lastKnownFileType = text.plist.xml; path = Info.plist; sourceTree = "<group>"; };
		FA0075801FB5938100390BD9 /* MagiPageViewTests.xctest */ = {isa = PBXFileReference; explicitFileType = wrapper.cfbundle; includeInIndex = 0; path = MagiPageViewTests.xctest; sourceTree = BUILT_PRODUCTS_DIR; };
		FA0075841FB5938100390BD9 /* MagiPageViewTests.swift */ = {isa = PBXFileReference; lastKnownFileType = sourcecode.swift; path = MagiPageViewTests.swift; sourceTree = "<group>"; };
		FA0075861FB5938100390BD9 /* Info.plist */ = {isa = PBXFileReference; lastKnownFileType = text.plist.xml; path = Info.plist; sourceTree = "<group>"; };
		FA00758B1FB5938100390BD9 /* MagiPageViewUITests.xctest */ = {isa = PBXFileReference; explicitFileType = wrapper.cfbundle; includeInIndex = 0; path = MagiPageViewUITests.xctest; sourceTree = BUILT_PRODUCTS_DIR; };
		FA00758F1FB5938100390BD9 /* MagiPageViewUITests.swift */ = {isa = PBXFileReference; lastKnownFileType = sourcecode.swift; path = MagiPageViewUITests.swift; sourceTree = "<group>"; };
		FA0075911FB5938100390BD9 /* Info.plist */ = {isa = PBXFileReference; lastKnownFileType = text.plist.xml; path = Info.plist; sourceTree = "<group>"; };
		FA00759E1FB593FA00390BD9 /* SegmentStyle.swift */ = {isa = PBXFileReference; lastKnownFileType = sourcecode.swift; path = SegmentStyle.swift; sourceTree = "<group>"; };
		FA0075A01FB5965100390BD9 /* SegmentView.swift */ = {isa = PBXFileReference; lastKnownFileType = sourcecode.swift; path = SegmentView.swift; sourceTree = "<group>"; };
		FA0075A21FB5A8AF00390BD9 /* MagiContentView.swift */ = {isa = PBXFileReference; lastKnownFileType = sourcecode.swift; path = MagiContentView.swift; sourceTree = "<group>"; };
		FAF4202B1FB93B00003A41BB /* MagiPageView.swift */ = {isa = PBXFileReference; lastKnownFileType = sourcecode.swift; path = MagiPageView.swift; sourceTree = "<group>"; };
		FAF4202F1FB94154003A41BB /* V1ViewController.swift */ = {isa = PBXFileReference; lastKnownFileType = sourcecode.swift; path = V1ViewController.swift; sourceTree = "<group>"; };
		FAF420321FB94B04003A41BB /* Chaild1ViewController.swift */ = {isa = PBXFileReference; lastKnownFileType = sourcecode.swift; path = Chaild1ViewController.swift; sourceTree = "<group>"; };
		FAF4203E1FB973F5003A41BB /* V2ViewController.swift */ = {isa = PBXFileReference; lastKnownFileType = sourcecode.swift; path = V2ViewController.swift; sourceTree = "<group>"; };
		FAF420401FB97403003A41BB /* V3ViewController.swift */ = {isa = PBXFileReference; lastKnownFileType = sourcecode.swift; path = V3ViewController.swift; sourceTree = "<group>"; };
		FAF420421FB97413003A41BB /* V4ViewController.swift */ = {isa = PBXFileReference; lastKnownFileType = sourcecode.swift; path = V4ViewController.swift; sourceTree = "<group>"; };
		FAF420441FB97424003A41BB /* V5ViewController.swift */ = {isa = PBXFileReference; lastKnownFileType = sourcecode.swift; path = V5ViewController.swift; sourceTree = "<group>"; };
		FAF420461FB9743A003A41BB /* V6ViewController.swift */ = {isa = PBXFileReference; lastKnownFileType = sourcecode.swift; path = V6ViewController.swift; sourceTree = "<group>"; };
		FAF420481FB97445003A41BB /* V7ViewController.swift */ = {isa = PBXFileReference; lastKnownFileType = sourcecode.swift; path = V7ViewController.swift; sourceTree = "<group>"; };
		FAF4204A1FB97450003A41BB /* V8ViewController.swift */ = {isa = PBXFileReference; lastKnownFileType = sourcecode.swift; path = V8ViewController.swift; sourceTree = "<group>"; };
		FAF4204C1FB9745B003A41BB /* V9ViewController.swift */ = {isa = PBXFileReference; lastKnownFileType = sourcecode.swift; path = V9ViewController.swift; sourceTree = "<group>"; };
		FAF4204E1FB9B610003A41BB /* PageViewController.swift */ = {isa = PBXFileReference; fileEncoding = 4; lastKnownFileType = sourcecode.swift; path = PageViewController.swift; sourceTree = "<group>"; };
		FAF4204F1FB9B610003A41BB /* PageTableViewController.swift */ = {isa = PBXFileReference; fileEncoding = 4; lastKnownFileType = sourcecode.swift; path = PageTableViewController.swift; sourceTree = "<group>"; };
		FAF420501FB9B610003A41BB /* PageCollectionViewController.swift */ = {isa = PBXFileReference; fileEncoding = 4; lastKnownFileType = sourcecode.swift; path = PageCollectionViewController.swift; sourceTree = "<group>"; };
/* End PBXFileReference section */

/* Begin PBXFrameworksBuildPhase section */
		FA0075661FB5938100390BD9 /* Frameworks */ = {
			isa = PBXFrameworksBuildPhase;
			buildActionMask = 2147483647;
			files = (
			);
			runOnlyForDeploymentPostprocessing = 0;
		};
		FA00757D1FB5938100390BD9 /* Frameworks */ = {
			isa = PBXFrameworksBuildPhase;
			buildActionMask = 2147483647;
			files = (
			);
			runOnlyForDeploymentPostprocessing = 0;
		};
		FA0075881FB5938100390BD9 /* Frameworks */ = {
			isa = PBXFrameworksBuildPhase;
			buildActionMask = 2147483647;
			files = (
			);
			runOnlyForDeploymentPostprocessing = 0;
		};
/* End PBXFrameworksBuildPhase section */

/* Begin PBXGroup section */
		FA0075601FB5938000390BD9 = {
			isa = PBXGroup;
			children = (
				FA00756B1FB5938100390BD9 /* MagiPageView */,
				FA0075831FB5938100390BD9 /* MagiPageViewTests */,
				FA00758E1FB5938100390BD9 /* MagiPageViewUITests */,
				FA00756A1FB5938100390BD9 /* Products */,
			);
			sourceTree = "<group>";
		};
		FA00756A1FB5938100390BD9 /* Products */ = {
			isa = PBXGroup;
			children = (
				FA0075691FB5938100390BD9 /* MagiPageView.app */,
				FA0075801FB5938100390BD9 /* MagiPageViewTests.xctest */,
				FA00758B1FB5938100390BD9 /* MagiPageViewUITests.xctest */,
			);
			name = Products;
			sourceTree = "<group>";
		};
		FA00756B1FB5938100390BD9 /* MagiPageView */ = {
			isa = PBXGroup;
			children = (
				FA00759D1FB5939100390BD9 /* MagiPageView */,
				FAF4203C1FB971E2003A41BB /* Storyboard初始化 */,
				FAF4203B1FB971DF003A41BB /* 网易新闻可以动态修改标题和内容效果示例 */,
				FAF4203A1FB971DD003A41BB /* 可以在初始化或者返回的时候设置当前页为其他页 */,
				FAF420391FB971DA003A41BB /* 简书个人主页效果(使用TableView和CollectionView) */,
				FAF420381FB971D8003A41BB /* 自定义segmentView和contentView位置的效果) */,
				FAF420371FB971D6003A41BB /* 标题不滚动+遮盖+颜色渐变 */,
				FAF420361FB971D3003A41BB /* 标题没有颜色渐变+遮盖+缩放 */,
				FAF420351FB971D0003A41BB /* 标题颜色渐变+滚动条 */,
				FAF420341FB971CC003A41BB /* 标题颜色渐变+遮盖 */,
				FAF4202E1FB9411E003A41BB /* 标题颜色渐变+字体放大 */,
				FAF4202D1FB93E4D003A41BB /* other */,
				FA00757B1FB5938100390BD9 /* Info.plist */,
			);
			path = MagiPageView;
			sourceTree = "<group>";
		};
		FA0075831FB5938100390BD9 /* MagiPageViewTests */ = {
			isa = PBXGroup;
			children = (
				FA0075841FB5938100390BD9 /* MagiPageViewTests.swift */,
				FA0075861FB5938100390BD9 /* Info.plist */,
			);
			path = MagiPageViewTests;
			sourceTree = "<group>";
		};
		FA00758E1FB5938100390BD9 /* MagiPageViewUITests */ = {
			isa = PBXGroup;
			children = (
				FA00758F1FB5938100390BD9 /* MagiPageViewUITests.swift */,
				FA0075911FB5938100390BD9 /* Info.plist */,
			);
			path = MagiPageViewUITests;
			sourceTree = "<group>";
		};
		FA00759D1FB5939100390BD9 /* MagiPageView */ = {
			isa = PBXGroup;
			children = (
				FA00759E1FB593FA00390BD9 /* SegmentStyle.swift */,
				FA0075A01FB5965100390BD9 /* SegmentView.swift */,
				FA0075A21FB5A8AF00390BD9 /* MagiContentView.swift */,
				FAF4202B1FB93B00003A41BB /* MagiPageView.swift */,
			);
			path = MagiPageView;
			sourceTree = "<group>";
		};
		FAF4202D1FB93E4D003A41BB /* other */ = {
			isa = PBXGroup;
			children = (
				FA00756C1FB5938100390BD9 /* AppDelegate.swift */,
				FA00756E1FB5938100390BD9 /* ViewController.swift */,
				FA0075701FB5938100390BD9 /* Main.storyboard */,
				FA0075761FB5938100390BD9 /* Assets.xcassets */,
				FA0075781FB5938100390BD9 /* LaunchScreen.storyboard */,
				FA0075731FB5938100390BD9 /* MagiPageView.xcdatamodeld */,
			);
			path = other;
			sourceTree = "<group>";
		};
		FAF4202E1FB9411E003A41BB /* 标题颜色渐变+字体放大 */ = {
			isa = PBXGroup;
			children = (
				FAF4202F1FB94154003A41BB /* V1ViewController.swift */,
				FAF420321FB94B04003A41BB /* Chaild1ViewController.swift */,
			);
			path = "标题颜色渐变+字体放大";
			sourceTree = "<group>";
		};
		FAF420341FB971CC003A41BB /* 标题颜色渐变+遮盖 */ = {
			isa = PBXGroup;
			children = (
				FAF4203E1FB973F5003A41BB /* V2ViewController.swift */,
			);
			path = "标题颜色渐变+遮盖";
			sourceTree = "<group>";
		};
		FAF420351FB971D0003A41BB /* 标题颜色渐变+滚动条 */ = {
			isa = PBXGroup;
			children = (
				FAF420401FB97403003A41BB /* V3ViewController.swift */,
			);
			path = "标题颜色渐变+滚动条";
			sourceTree = "<group>";
		};
		FAF420361FB971D3003A41BB /* 标题没有颜色渐变+遮盖+缩放 */ = {
			isa = PBXGroup;
			children = (
				FAF420421FB97413003A41BB /* V4ViewController.swift */,
			);
			path = "标题没有颜色渐变+遮盖+缩放";
			sourceTree = "<group>";
		};
		FAF420371FB971D6003A41BB /* 标题不滚动+遮盖+颜色渐变 */ = {
			isa = PBXGroup;
			children = (
				FAF420441FB97424003A41BB /* V5ViewController.swift */,
			);
			path = "标题不滚动+遮盖+颜色渐变";
			sourceTree = "<group>";
		};
		FAF420381FB971D8003A41BB /* 自定义segmentView和contentView位置的效果) */ = {
			isa = PBXGroup;
			children = (
				FAF420461FB9743A003A41BB /* V6ViewController.swift */,
			);
			path = "自定义segmentView和contentView位置的效果)";
			sourceTree = "<group>";
		};
		FAF420391FB971DA003A41BB /* 简书个人主页效果(使用TableView和CollectionView) */ = {
			isa = PBXGroup;
			children = (
				FAF420501FB9B610003A41BB /* PageCollectionViewController.swift */,
				FAF4204F1FB9B610003A41BB /* PageTableViewController.swift */,
				FAF4204E1FB9B610003A41BB /* PageViewController.swift */,
				FAF420481FB97445003A41BB /* V7ViewController.swift */,
			);
			path = "简书个人主页效果(使用TableView和CollectionView)";
			sourceTree = "<group>";
		};
		FAF4203A1FB971DD003A41BB /* 可以在初始化或者返回的时候设置当前页为其他页 */ = {
			isa = PBXGroup;
			children = (
				FAF4204A1FB97450003A41BB /* V8ViewController.swift */,
			);
			path = "可以在初始化或者返回的时候设置当前页为其他页";
			sourceTree = "<group>";
		};
		FAF4203B1FB971DF003A41BB /* 网易新闻可以动态修改标题和内容效果示例 */ = {
			isa = PBXGroup;
			children = (
				FAF4204C1FB9745B003A41BB /* V9ViewController.swift */,
			);
			path = "网易新闻可以动态修改标题和内容效果示例";
			sourceTree = "<group>";
		};
		FAF4203C1FB971E2003A41BB /* Storyboard初始化 */ = {
			isa = PBXGroup;
			children = (
			);
			path = "Storyboard初始化";
			sourceTree = "<group>";
		};
/* End PBXGroup section */

/* Begin PBXNativeTarget section */
		FA0075681FB5938100390BD9 /* MagiPageView */ = {
			isa = PBXNativeTarget;
			buildConfigurationList = FA0075941FB5938100390BD9 /* Build configuration list for PBXNativeTarget "MagiPageView" */;
			buildPhases = (
				FA0075651FB5938100390BD9 /* Sources */,
				FA0075661FB5938100390BD9 /* Frameworks */,
				FA0075671FB5938100390BD9 /* Resources */,
			);
			buildRules = (
			);
			dependencies = (
			);
			name = MagiPageView;
			productName = MagiPageView;
			productReference = FA0075691FB5938100390BD9 /* MagiPageView.app */;
			productType = "com.apple.product-type.application";
		};
		FA00757F1FB5938100390BD9 /* MagiPageViewTests */ = {
			isa = PBXNativeTarget;
			buildConfigurationList = FA0075971FB5938100390BD9 /* Build configuration list for PBXNativeTarget "MagiPageViewTests" */;
			buildPhases = (
				FA00757C1FB5938100390BD9 /* Sources */,
				FA00757D1FB5938100390BD9 /* Frameworks */,
				FA00757E1FB5938100390BD9 /* Resources */,
			);
			buildRules = (
			);
			dependencies = (
				FA0075821FB5938100390BD9 /* PBXTargetDependency */,
			);
			name = MagiPageViewTests;
			productName = MagiPageViewTests;
			productReference = FA0075801FB5938100390BD9 /* MagiPageViewTests.xctest */;
			productType = "com.apple.product-type.bundle.unit-test";
		};
		FA00758A1FB5938100390BD9 /* MagiPageViewUITests */ = {
			isa = PBXNativeTarget;
			buildConfigurationList = FA00759A1FB5938100390BD9 /* Build configuration list for PBXNativeTarget "MagiPageViewUITests" */;
			buildPhases = (
				FA0075871FB5938100390BD9 /* Sources */,
				FA0075881FB5938100390BD9 /* Frameworks */,
				FA0075891FB5938100390BD9 /* Resources */,
			);
			buildRules = (
			);
			dependencies = (
				FA00758D1FB5938100390BD9 /* PBXTargetDependency */,
			);
			name = MagiPageViewUITests;
			productName = MagiPageViewUITests;
			productReference = FA00758B1FB5938100390BD9 /* MagiPageViewUITests.xctest */;
			productType = "com.apple.product-type.bundle.ui-testing";
		};
/* End PBXNativeTarget section */

/* Begin PBXProject section */
		FA0075611FB5938000390BD9 /* Project object */ = {
			isa = PBXProject;
			attributes = {
				LastSwiftUpdateCheck = 0910;
				LastUpgradeCheck = 0910;
				ORGANIZATIONNAME = MacBook;
				TargetAttributes = {
					FA0075681FB5938100390BD9 = {
						CreatedOnToolsVersion = 9.1;
						ProvisioningStyle = Automatic;
					};
					FA00757F1FB5938100390BD9 = {
						CreatedOnToolsVersion = 9.1;
						ProvisioningStyle = Automatic;
						TestTargetID = FA0075681FB5938100390BD9;
					};
					FA00758A1FB5938100390BD9 = {
						CreatedOnToolsVersion = 9.1;
						ProvisioningStyle = Automatic;
						TestTargetID = FA0075681FB5938100390BD9;
					};
				};
			};
			buildConfigurationList = FA0075641FB5938000390BD9 /* Build configuration list for PBXProject "MagiPageView" */;
			compatibilityVersion = "Xcode 8.0";
			developmentRegion = en;
			hasScannedForEncodings = 0;
			knownRegions = (
				en,
				Base,
			);
			mainGroup = FA0075601FB5938000390BD9;
			productRefGroup = FA00756A1FB5938100390BD9 /* Products */;
			projectDirPath = "";
			projectRoot = "";
			targets = (
				FA0075681FB5938100390BD9 /* MagiPageView */,
				FA00757F1FB5938100390BD9 /* MagiPageViewTests */,
				FA00758A1FB5938100390BD9 /* MagiPageViewUITests */,
			);
		};
/* End PBXProject section */

/* Begin PBXResourcesBuildPhase section */
		FA0075671FB5938100390BD9 /* Resources */ = {
			isa = PBXResourcesBuildPhase;
			buildActionMask = 2147483647;
			files = (
				FA00757A1FB5938100390BD9 /* LaunchScreen.storyboard in Resources */,
				FA0075771FB5938100390BD9 /* Assets.xcassets in Resources */,
				FA0075721FB5938100390BD9 /* Main.storyboard in Resources */,
			);
			runOnlyForDeploymentPostprocessing = 0;
		};
		FA00757E1FB5938100390BD9 /* Resources */ = {
			isa = PBXResourcesBuildPhase;
			buildActionMask = 2147483647;
			files = (
			);
			runOnlyForDeploymentPostprocessing = 0;
		};
		FA0075891FB5938100390BD9 /* Resources */ = {
			isa = PBXResourcesBuildPhase;
			buildActionMask = 2147483647;
			files = (
			);
			runOnlyForDeploymentPostprocessing = 0;
		};
/* End PBXResourcesBuildPhase section */

/* Begin PBXSourcesBuildPhase section */
		FA0075651FB5938100390BD9 /* Sources */ = {
			isa = PBXSourcesBuildPhase;
			buildActionMask = 2147483647;
			files = (
				FAF420471FB9743A003A41BB /* V6ViewController.swift in Sources */,
				FA0075A31FB5A8AF00390BD9 /* MagiContentView.swift in Sources */,
				FAF420521FB9B610003A41BB /* PageTableViewController.swift in Sources */,
				FAF420451FB97424003A41BB /* V5ViewController.swift in Sources */,
				FA00756F1FB5938100390BD9 /* ViewController.swift in Sources */,
				FAF420531FB9B610003A41BB /* PageCollectionViewController.swift in Sources */,
				FAF4202C1FB93B00003A41BB /* MagiPageView.swift in Sources */,
				FAF420331FB94B04003A41BB /* Chaild1ViewController.swift in Sources */,
				FAF4203F1FB973F5003A41BB /* V2ViewController.swift in Sources */,
				FA00759F1FB593FA00390BD9 /* SegmentStyle.swift in Sources */,
				FAF420411FB97403003A41BB /* V3ViewController.swift in Sources */,
				FA00756D1FB5938100390BD9 /* AppDelegate.swift in Sources */,
				FA0075A11FB5965100390BD9 /* SegmentView.swift in Sources */,
				FA0075751FB5938100390BD9 /* MagiPageView.xcdatamodeld in Sources */,
				FAF420491FB97445003A41BB /* V7ViewController.swift in Sources */,
				FAF420431FB97413003A41BB /* V4ViewController.swift in Sources */,
				FAF4204B1FB97450003A41BB /* V8ViewController.swift in Sources */,
				FAF420511FB9B610003A41BB /* PageViewController.swift in Sources */,
				FAF4204D1FB9745B003A41BB /* V9ViewController.swift in Sources */,
				FAF420301FB94154003A41BB /* V1ViewController.swift in Sources */,
			);
			runOnlyForDeploymentPostprocessing = 0;
		};
		FA00757C1FB5938100390BD9 /* Sources */ = {
			isa = PBXSourcesBuildPhase;
			buildActionMask = 2147483647;
			files = (
				FA0075851FB5938100390BD9 /* MagiPageViewTests.swift in Sources */,
			);
			runOnlyForDeploymentPostprocessing = 0;
		};
		FA0075871FB5938100390BD9 /* Sources */ = {
			isa = PBXSourcesBuildPhase;
			buildActionMask = 2147483647;
			files = (
				FA0075901FB5938100390BD9 /* MagiPageViewUITests.swift in Sources */,
			);
			runOnlyForDeploymentPostprocessing = 0;
		};
/* End PBXSourcesBuildPhase section */

/* Begin PBXTargetDependency section */
		FA0075821FB5938100390BD9 /* PBXTargetDependency */ = {
			isa = PBXTargetDependency;
			target = FA0075681FB5938100390BD9 /* MagiPageView */;
			targetProxy = FA0075811FB5938100390BD9 /* PBXContainerItemProxy */;
		};
		FA00758D1FB5938100390BD9 /* PBXTargetDependency */ = {
			isa = PBXTargetDependency;
			target = FA0075681FB5938100390BD9 /* MagiPageView */;
			targetProxy = FA00758C1FB5938100390BD9 /* PBXContainerItemProxy */;
		};
/* End PBXTargetDependency section */

/* Begin PBXVariantGroup section */
		FA0075701FB5938100390BD9 /* Main.storyboard */ = {
			isa = PBXVariantGroup;
			children = (
				FA0075711FB5938100390BD9 /* Base */,
			);
			name = Main.storyboard;
			sourceTree = "<group>";
		};
		FA0075781FB5938100390BD9 /* LaunchScreen.storyboard */ = {
			isa = PBXVariantGroup;
			children = (
				FA0075791FB5938100390BD9 /* Base */,
			);
			name = LaunchScreen.storyboard;
			sourceTree = "<group>";
		};
/* End PBXVariantGroup section */

/* Begin XCBuildConfiguration section */
		FA0075921FB5938100390BD9 /* Debug */ = {
			isa = XCBuildConfiguration;
			buildSettings = {
				ALWAYS_SEARCH_USER_PATHS = NO;
				CLANG_ANALYZER_NONNULL = YES;
				CLANG_ANALYZER_NUMBER_OBJECT_CONVERSION = YES_AGGRESSIVE;
				CLANG_CXX_LANGUAGE_STANDARD = "gnu++14";
				CLANG_CXX_LIBRARY = "libc++";
				CLANG_ENABLE_MODULES = YES;
				CLANG_ENABLE_OBJC_ARC = YES;
				CLANG_WARN_BLOCK_CAPTURE_AUTORELEASING = YES;
				CLANG_WARN_BOOL_CONVERSION = YES;
				CLANG_WARN_COMMA = YES;
				CLANG_WARN_CONSTANT_CONVERSION = YES;
				CLANG_WARN_DIRECT_OBJC_ISA_USAGE = YES_ERROR;
				CLANG_WARN_DOCUMENTATION_COMMENTS = YES;
				CLANG_WARN_EMPTY_BODY = YES;
				CLANG_WARN_ENUM_CONVERSION = YES;
				CLANG_WARN_INFINITE_RECURSION = YES;
				CLANG_WARN_INT_CONVERSION = YES;
				CLANG_WARN_NON_LITERAL_NULL_CONVERSION = YES;
				CLANG_WARN_OBJC_LITERAL_CONVERSION = YES;
				CLANG_WARN_OBJC_ROOT_CLASS = YES_ERROR;
				CLANG_WARN_RANGE_LOOP_ANALYSIS = YES;
				CLANG_WARN_STRICT_PROTOTYPES = YES;
				CLANG_WARN_SUSPICIOUS_MOVE = YES;
				CLANG_WARN_UNGUARDED_AVAILABILITY = YES_AGGRESSIVE;
				CLANG_WARN_UNREACHABLE_CODE = YES;
				CLANG_WARN__DUPLICATE_METHOD_MATCH = YES;
				CODE_SIGN_IDENTITY = "iPhone Developer";
				COPY_PHASE_STRIP = NO;
				DEBUG_INFORMATION_FORMAT = dwarf;
				ENABLE_STRICT_OBJC_MSGSEND = YES;
				ENABLE_TESTABILITY = YES;
				GCC_C_LANGUAGE_STANDARD = gnu11;
				GCC_DYNAMIC_NO_PIC = NO;
				GCC_NO_COMMON_BLOCKS = YES;
				GCC_OPTIMIZATION_LEVEL = 0;
				GCC_PREPROCESSOR_DEFINITIONS = (
					"DEBUG=1",
					"$(inherited)",
				);
				GCC_WARN_64_TO_32_BIT_CONVERSION = YES;
				GCC_WARN_ABOUT_RETURN_TYPE = YES_ERROR;
				GCC_WARN_UNDECLARED_SELECTOR = YES;
				GCC_WARN_UNINITIALIZED_AUTOS = YES_AGGRESSIVE;
				GCC_WARN_UNUSED_FUNCTION = YES;
				GCC_WARN_UNUSED_VARIABLE = YES;
				IPHONEOS_DEPLOYMENT_TARGET = 11.1;
				MTL_ENABLE_DEBUG_INFO = YES;
				ONLY_ACTIVE_ARCH = YES;
				SDKROOT = iphoneos;
				SWIFT_ACTIVE_COMPILATION_CONDITIONS = DEBUG;
				SWIFT_OPTIMIZATION_LEVEL = "-Onone";
			};
			name = Debug;
		};
		FA0075931FB5938100390BD9 /* Release */ = {
			isa = XCBuildConfiguration;
			buildSettings = {
				ALWAYS_SEARCH_USER_PATHS = NO;
				CLANG_ANALYZER_NONNULL = YES;
				CLANG_ANALYZER_NUMBER_OBJECT_CONVERSION = YES_AGGRESSIVE;
				CLANG_CXX_LANGUAGE_STANDARD = "gnu++14";
				CLANG_CXX_LIBRARY = "libc++";
				CLANG_ENABLE_MODULES = YES;
				CLANG_ENABLE_OBJC_ARC = YES;
				CLANG_WARN_BLOCK_CAPTURE_AUTORELEASING = YES;
				CLANG_WARN_BOOL_CONVERSION = YES;
				CLANG_WARN_COMMA = YES;
				CLANG_WARN_CONSTANT_CONVERSION = YES;
				CLANG_WARN_DIRECT_OBJC_ISA_USAGE = YES_ERROR;
				CLANG_WARN_DOCUMENTATION_COMMENTS = YES;
				CLANG_WARN_EMPTY_BODY = YES;
				CLANG_WARN_ENUM_CONVERSION = YES;
				CLANG_WARN_INFINITE_RECURSION = YES;
				CLANG_WARN_INT_CONVERSION = YES;
				CLANG_WARN_NON_LITERAL_NULL_CONVERSION = YES;
				CLANG_WARN_OBJC_LITERAL_CONVERSION = YES;
				CLANG_WARN_OBJC_ROOT_CLASS = YES_ERROR;
				CLANG_WARN_RANGE_LOOP_ANALYSIS = YES;
				CLANG_WARN_STRICT_PROTOTYPES = YES;
				CLANG_WARN_SUSPICIOUS_MOVE = YES;
				CLANG_WARN_UNGUARDED_AVAILABILITY = YES_AGGRESSIVE;
				CLANG_WARN_UNREACHABLE_CODE = YES;
				CLANG_WARN__DUPLICATE_METHOD_MATCH = YES;
				CODE_SIGN_IDENTITY = "iPhone Developer";
				COPY_PHASE_STRIP = NO;
				DEBUG_INFORMATION_FORMAT = "dwarf-with-dsym";
				ENABLE_NS_ASSERTIONS = NO;
				ENABLE_STRICT_OBJC_MSGSEND = YES;
				GCC_C_LANGUAGE_STANDARD = gnu11;
				GCC_NO_COMMON_BLOCKS = YES;
				GCC_WARN_64_TO_32_BIT_CONVERSION = YES;
				GCC_WARN_ABOUT_RETURN_TYPE = YES_ERROR;
				GCC_WARN_UNDECLARED_SELECTOR = YES;
				GCC_WARN_UNINITIALIZED_AUTOS = YES_AGGRESSIVE;
				GCC_WARN_UNUSED_FUNCTION = YES;
				GCC_WARN_UNUSED_VARIABLE = YES;
				IPHONEOS_DEPLOYMENT_TARGET = 11.1;
				MTL_ENABLE_DEBUG_INFO = NO;
				SDKROOT = iphoneos;
				SWIFT_OPTIMIZATION_LEVEL = "-Owholemodule";
				VALIDATE_PRODUCT = YES;
			};
			name = Release;
		};
		FA0075951FB5938100390BD9 /* Debug */ = {
			isa = XCBuildConfiguration;
			buildSettings = {
				ASSETCATALOG_COMPILER_APPICON_NAME = AppIcon;
				CODE_SIGN_STYLE = Automatic;
				DEVELOPMENT_TEAM = DP4MZ2Q35R;
				INFOPLIST_FILE = MagiPageView/Info.plist;
				LD_RUNPATH_SEARCH_PATHS = "$(inherited) @executable_path/Frameworks";
				PRODUCT_BUNDLE_IDENTIFIER = cn.anran.MagiPageView;
				PRODUCT_NAME = "$(TARGET_NAME)";
				SWIFT_VERSION = 4.0;
				TARGETED_DEVICE_FAMILY = "1,2";
			};
			name = Debug;
		};
		FA0075961FB5938100390BD9 /* Release */ = {
			isa = XCBuildConfiguration;
			buildSettings = {
				ASSETCATALOG_COMPILER_APPICON_NAME = AppIcon;
				CODE_SIGN_STYLE = Automatic;
				DEVELOPMENT_TEAM = DP4MZ2Q35R;
				INFOPLIST_FILE = MagiPageView/Info.plist;
				LD_RUNPATH_SEARCH_PATHS = "$(inherited) @executable_path/Frameworks";
				PRODUCT_BUNDLE_IDENTIFIER = cn.anran.MagiPageView;
				PRODUCT_NAME = "$(TARGET_NAME)";
				SWIFT_VERSION = 4.0;
				TARGETED_DEVICE_FAMILY = "1,2";
			};
			name = Release;
		};
		FA0075981FB5938100390BD9 /* Debug */ = {
			isa = XCBuildConfiguration;
			buildSettings = {
				ALWAYS_EMBED_SWIFT_STANDARD_LIBRARIES = YES;
				BUNDLE_LOADER = "$(TEST_HOST)";
				CODE_SIGN_STYLE = Automatic;
				DEVELOPMENT_TEAM = DP4MZ2Q35R;
				INFOPLIST_FILE = MagiPageViewTests/Info.plist;
				LD_RUNPATH_SEARCH_PATHS = "$(inherited) @executable_path/Frameworks @loader_path/Frameworks";
				PRODUCT_BUNDLE_IDENTIFIER = cn.anran.MagiPageViewTests;
				PRODUCT_NAME = "$(TARGET_NAME)";
				SWIFT_VERSION = 4.0;
				TARGETED_DEVICE_FAMILY = "1,2";
				TEST_HOST = "$(BUILT_PRODUCTS_DIR)/MagiPageView.app/MagiPageView";
			};
			name = Debug;
		};
		FA0075991FB5938100390BD9 /* Release */ = {
			isa = XCBuildConfiguration;
			buildSettings = {
				ALWAYS_EMBED_SWIFT_STANDARD_LIBRARIES = YES;
				BUNDLE_LOADER = "$(TEST_HOST)";
				CODE_SIGN_STYLE = Automatic;
				DEVELOPMENT_TEAM = DP4MZ2Q35R;
				INFOPLIST_FILE = MagiPageViewTests/Info.plist;
				LD_RUNPATH_SEARCH_PATHS = "$(inherited) @executable_path/Frameworks @loader_path/Frameworks";
				PRODUCT_BUNDLE_IDENTIFIER = cn.anran.MagiPageViewTests;
				PRODUCT_NAME = "$(TARGET_NAME)";
				SWIFT_VERSION = 4.0;
				TARGETED_DEVICE_FAMILY = "1,2";
				TEST_HOST = "$(BUILT_PRODUCTS_DIR)/MagiPageView.app/MagiPageView";
			};
			name = Release;
		};
		FA00759B1FB5938100390BD9 /* Debug */ = {
			isa = XCBuildConfiguration;
			buildSettings = {
				ALWAYS_EMBED_SWIFT_STANDARD_LIBRARIES = YES;
				CODE_SIGN_STYLE = Automatic;
				DEVELOPMENT_TEAM = DP4MZ2Q35R;
				INFOPLIST_FILE = MagiPageViewUITests/Info.plist;
				LD_RUNPATH_SEARCH_PATHS = "$(inherited) @executable_path/Frameworks @loader_path/Frameworks";
				PRODUCT_BUNDLE_IDENTIFIER = cn.anran.MagiPageViewUITests;
				PRODUCT_NAME = "$(TARGET_NAME)";
				SWIFT_VERSION = 4.0;
				TARGETED_DEVICE_FAMILY = "1,2";
				TEST_TARGET_NAME = MagiPageView;
			};
			name = Debug;
		};
		FA00759C1FB5938100390BD9 /* Release */ = {
			isa = XCBuildConfiguration;
			buildSettings = {
				ALWAYS_EMBED_SWIFT_STANDARD_LIBRARIES = YES;
				CODE_SIGN_STYLE = Automatic;
				DEVELOPMENT_TEAM = DP4MZ2Q35R;
				INFOPLIST_FILE = MagiPageViewUITests/Info.plist;
				LD_RUNPATH_SEARCH_PATHS = "$(inherited) @executable_path/Frameworks @loader_path/Frameworks";
				PRODUCT_BUNDLE_IDENTIFIER = cn.anran.MagiPageViewUITests;
				PRODUCT_NAME = "$(TARGET_NAME)";
				SWIFT_VERSION = 4.0;
				TARGETED_DEVICE_FAMILY = "1,2";
				TEST_TARGET_NAME = MagiPageView;
			};
			name = Release;
		};
/* End XCBuildConfiguration section */

/* Begin XCConfigurationList section */
		FA0075641FB5938000390BD9 /* Build configuration list for PBXProject "MagiPageView" */ = {
			isa = XCConfigurationList;
			buildConfigurations = (
				FA0075921FB5938100390BD9 /* Debug */,
				FA0075931FB5938100390BD9 /* Release */,
			);
			defaultConfigurationIsVisible = 0;
			defaultConfigurationName = Release;
		};
		FA0075941FB5938100390BD9 /* Build configuration list for PBXNativeTarget "MagiPageView" */ = {
			isa = XCConfigurationList;
			buildConfigurations = (
				FA0075951FB5938100390BD9 /* Debug */,
				FA0075961FB5938100390BD9 /* Release */,
			);
			defaultConfigurationIsVisible = 0;
			defaultConfigurationName = Release;
		};
		FA0075971FB5938100390BD9 /* Build configuration list for PBXNativeTarget "MagiPageViewTests" */ = {
			isa = XCConfigurationList;
			buildConfigurations = (
				FA0075981FB5938100390BD9 /* Debug */,
				FA0075991FB5938100390BD9 /* Release */,
			);
			defaultConfigurationIsVisible = 0;
			defaultConfigurationName = Release;
		};
		FA00759A1FB5938100390BD9 /* Build configuration list for PBXNativeTarget "MagiPageViewUITests" */ = {
			isa = XCConfigurationList;
			buildConfigurations = (
				FA00759B1FB5938100390BD9 /* Debug */,
				FA00759C1FB5938100390BD9 /* Release */,
			);
			defaultConfigurationIsVisible = 0;
			defaultConfigurationName = Release;
		};
/* End XCConfigurationList section */

/* Begin XCVersionGroup section */
		FA0075731FB5938100390BD9 /* MagiPageView.xcdatamodeld */ = {
			isa = XCVersionGroup;
			children = (
				FA0075741FB5938100390BD9 /* MagiPageView.xcdatamodel */,
			);
			currentVersion = FA0075741FB5938100390BD9 /* MagiPageView.xcdatamodel */;
			path = MagiPageView.xcdatamodeld;
			sourceTree = "<group>";
			versionGroupType = wrapper.xcdatamodel;
		};
/* End XCVersionGroup section */
	};
	rootObject = FA0075611FB5938000390BD9 /* Project object */;
}
